<?xml version="1.0" encoding="UTF-8" standalone="yes" ?>
<CodeBlocks_project_file>
	<FileVersion major="1" minor="6" />
	<Project>
		<Option title="projet22" />
		<Option pch_mode="2" />
		<Option compiler="gcc" />
		<Build>
			<Target title="Debug">
				<Option output="bin/Debug/projet22" prefix_auto="1" extension_auto="1" />
				<Option object_output="obj/Debug/" />
				<Option type="1" />
				<Option compiler="gcc" />
				<Compiler>
					<Add option="-g" />
				</Compiler>
			</Target>
			<Target title="Release">
				<Option output="bin/Release/projet22" prefix_auto="1" extension_auto="1" />
				<Option object_output="obj/Release/" />
				<Option type="1" />
				<Option compiler="gcc" />
				<Compiler>
					<Add option="-O2" />
				</Compiler>
				<Linker>
					<Add option="-s" />
				</Linker>
			</Target>
		</Build>
		<Compiler>
			<Add option="-Wall" />
		</Compiler>
		<Unit filename="ELTATM.H" />
		<Unit filename="ELTATM.c">
			<Option compilerVar="CC" />
		</Unit>
		<Unit filename="ELTPRIM.H" />
		<Unit filename="ELTSDD.H" />
		<Unit filename="ELTTAB.H" />
		<Unit filename="ELTTAB.c">
			<Option compilerVar="CC" />
		</Unit>
		<Unit filename="LSTATM.H" />
		<Unit filename="LSTATM.c">
			<Option compilerVar="CC" />
		</Unit>
		<Unit filename="LSTPRIM.H" />
		<Unit filename="LSTSDD.H" />
		<Unit filename="TABPRIM.H" />
		<Unit filename="TABSDD.H" />
		<Unit filename="main.c">
			<Option compilerVar="CC" />
		</Unit>
		<Extensions>
			<code_completion />
			<envvars />
			<debugger />
			<lib_finder disable_auto="1" />
		</Extensions>
	</Project>
</CodeBlocks_project_file>
